
Microsoft Visual Studio Solution File, Format Version 12.00
# Visual Studio 15
VisualStudioVersion = 15.0.28307.421
MinimumVisualStudioVersion = 10.0.40219.1
Project("{FAE04EC0-301F-11D3-BF4B-00C04F79EFBC}") = "Converter", "Converter\Converter.csproj", "{2507D79C-612E-4D9D-BC39-9059F176E3CA}"
EndProject
Global
	GlobalSection(SolutionConfigurationPlatforms) = preSolution
		Debug|Any CPU = Debug|Any CPU
		Release|Any CPU = Release|Any CPU
	EndGlobalSection
	GlobalSection(ProjectConfigurationPlatforms) = postSolution
		{2507D79C-612E-4D9D-BC39-9059F176E3CA}.Debug|Any CPU.ActiveCfg = Debug|Any CPU
		{2507D79C-612E-4D9D-BC39-9059F176E3CA}.Debug|Any CPU.Build.0 = Debug|Any CPU
		{2507D79C-612E-4D9D-BC39-9059F176E3CA}.Release|Any CPU.ActiveCfg = Release|Any CPU
		{2507D79C-612E-4D9D-BC39-9059F176E3CA}.Release|Any CPU.Build.0 = Release|Any CPU
	EndGlobalSection
	GlobalSection(SolutionProperties) = preSolution
		HideSolutionNode = FALSE
	EndGlobalSection
	GlobalSection(ExtensibilityGlobals) = postSolution
		SolutionGuid = {D7B7D589-269C-465F-9F10-0233D5529CB1}
	EndGlobalSection
EndGlobal
